// !$*UTF8*$!
{
	archiveVersion = 1;
	classes = {
	};
	objectVersion = 46;
	objects = {

/* Begin PBXBuildFile section */
		EAB27CD01CA298D700D4E321 /* main.m in Sources */ = {isa = PBXBuildFile; fileRef = EAB27CCF1CA298D700D4E321 /* main.m */; };
		EAB27CD31CA298D700D4E321 /* AppDelegate.m in Sources */ = {isa = PBXBuildFile; fileRef = EAB27CD21CA298D700D4E321 /* AppDelegate.m */; };
		EAB27CD61CA298D700D4E321 /* ViewController.m in Sources */ = {isa = PBXBuildFile; fileRef = EAB27CD51CA298D700D4E321 /* ViewController.m */; };
		EAB27CD91CA298D700D4E321 /* Main.storyboard in Resources */ = {isa = PBXBuildFile; fileRef = EAB27CD71CA298D700D4E321 /* Main.storyboard */; };
		EAB27CDB1CA298D700D4E321 /* Assets.xcassets in Resources */ = {isa = PBXBuildFile; fileRef = EAB27CDA1CA298D700D4E321 /* Assets.xcassets */; };
		EAB27CDE1CA298D700D4E321 /* LaunchScreen.storyboard in Resources */ = {isa = PBXBuildFile; fileRef = EAB27CDC1CA298D700D4E321 /* LaunchScreen.storyboard */; };
		EAB27CE91CA298D700D4E321 /* CALayer_____Tests.m in Sources */ = {isa = PBXBuildFile; fileRef = EAB27CE81CA298D700D4E321 /* CALayer_____Tests.m */; };
		EAB27CF41CA298D700D4E321 /* CALayer_____UITests.m in Sources */ = {isa = PBXBuildFile; fileRef = EAB27CF31CA298D700D4E321 /* CALayer_____UITests.m */; };
/* End PBXBuildFile section */

/* Begin PBXContainerItemProxy section */
		EAB27CE51CA298D700D4E321 /* PBXContainerItemProxy */ = {
			isa = PBXContainerItemProxy;
			containerPortal = EAB27CC31CA298D700D4E321 /* Project object */;
			proxyType = 1;
			remoteGlobalIDString = EAB27CCA1CA298D700D4E321;
			remoteInfo = "CALayer的基本概念";
		};
		EAB27CF01CA298D700D4E321 /* PBXContainerItemProxy */ = {
			isa = PBXContainerItemProxy;
			containerPortal = EAB27CC31CA298D700D4E321 /* Project object */;
			proxyType = 1;
			remoteGlobalIDString = EAB27CCA1CA298D700D4E321;
			remoteInfo = "CALayer的基本概念";
		};
/* End PBXContainerItemProxy section */

/* Begin PBXFileReference section */
		EAB27CCB1CA298D700D4E321 /* CALayer的基本概念.app */ = {isa = PBXFileReference; explicitFileType = wrapper.application; includeInIndex = 0; path = "CALayer的基本概念.app"; sourceTree = BUILT_PRODUCTS_DIR; };
		EAB27CCF1CA298D700D4E321 /* main.m */ = {isa = PBXFileReference; lastKnownFileType = sourcecode.c.objc; path = main.m; sourceTree = "<group>"; };
		EAB27CD11CA298D700D4E321 /* AppDelegate.h */ = {isa = PBXFileReference; lastKnownFileType = sourcecode.c.h; path = AppDelegate.h; sourceTree = "<group>"; };
		EAB27CD21CA298D700D4E321 /* AppDelegate.m */ = {isa = PBXFileReference; lastKnownFileType = sourcecode.c.objc; path = AppDelegate.m; sourceTree = "<group>"; };
		EAB27CD41CA298D700D4E321 /* ViewController.h */ = {isa = PBXFileReference; lastKnownFileType = sourcecode.c.h; path = ViewController.h; sourceTree = "<group>"; };
		EAB27CD51CA298D700D4E321 /* ViewController.m */ = {isa = PBXFileReference; lastKnownFileType = sourcecode.c.objc; path = ViewController.m; sourceTree = "<group>"; };
		EAB27CD81CA298D700D4E321 /* Base */ = {isa = PBXFileReference; lastKnownFileType = file.storyboard; name = Base; path = Base.lproj/Main.storyboard; sourceTree = "<group>"; };
		EAB27CDA1CA298D700D4E321 /* Assets.xcassets */ = {isa = PBXFileReference; lastKnownFileType = folder.assetcatalog; path = Assets.xcassets; sourceTree = "<group>"; };
		EAB27CDD1CA298D700D4E321 /* Base */ = {isa = PBXFileReference; lastKnownFileType = file.storyboard; name = Base; path = Base.lproj/LaunchScreen.storyboard; sourceTree = "<group>"; };
		EAB27CDF1CA298D700D4E321 /* Info.plist */ = {isa = PBXFileReference; lastKnownFileType = text.plist.xml; path = Info.plist; sourceTree = "<group>"; };
		EAB27CE41CA298D700D4E321 /* CALayer的基本概念Tests.xctest */ = {isa = PBXFileReference; explicitFileType = wrapper.cfbundle; includeInIndex = 0; path = "CALayer的基本概念Tests.xctest"; sourceTree = BUILT_PRODUCTS_DIR; };
		EAB27CE81CA298D700D4E321 /* CALayer_____Tests.m */ = {isa = PBXFileReference; lastKnownFileType = sourcecode.c.objc; path = "CALayer_____Tests.m"; sourceTree = "<group>"; };
		EAB27CEA1CA298D700D4E321 /* Info.plist */ = {isa = PBXFileReference; lastKnownFileType = text.plist.xml; path = Info.plist; sourceTree = "<group>"; };
		EAB27CEF1CA298D700D4E321 /* CALayer的基本概念UITests.xctest */ = {isa = PBXFileReference; explicitFileType = wrapper.cfbundle; includeInIndex = 0; path = "CALayer的基本概念UITests.xctest"; sourceTree = BUILT_PRODUCTS_DIR; };
		EAB27CF31CA298D700D4E321 /* CALayer_____UITests.m */ = {isa = PBXFileReference; lastKnownFileType = sourcecode.c.objc; path = "CALayer_____UITests.m"; sourceTree = "<group>"; };
		EAB27CF51CA298D700D4E321 /* Info.plist */ = {isa = PBXFileReference; lastKnownFileType = text.plist.xml; path = Info.plist; sourceTree = "<group>"; };
/* End PBXFileReference section */

/* Begin PBXFrameworksBuildPhase section */
		EAB27CC81CA298D700D4E321 /* Frameworks */ = {
			isa = PBXFrameworksBuildPhase;
			buildActionMask = 2147483647;
			files = (
			);
			runOnlyForDeploymentPostprocessing = 0;
		};
		EAB27CE11CA298D700D4E321 /* Frameworks */ = {
			isa = PBXFrameworksBuildPhase;
			buildActionMask = 2147483647;
			files = (
			);
			runOnlyForDeploymentPostprocessing = 0;
		};
		EAB27CEC1CA298D700D4E321 /* Frameworks */ = {
			isa = PBXFrameworksBuildPhase;
			buildActionMask = 2147483647;
			files = (
			);
			runOnlyForDeploymentPostprocessing = 0;
		};
/* End PBXFrameworksBuildPhase section */

/* Begin PBXGroup section */
		EAB27CC21CA298D700D4E321 = {
			isa = PBXGroup;
			children = (
				EAB27CCD1CA298D700D4E321 /* CALayer的基本概念 */,
				EAB27CE71CA298D700D4E321 /* CALayer的基本概念Tests */,
				EAB27CF21CA298D700D4E321 /* CALayer的基本概念UITests */,
				EAB27CCC1CA298D700D4E321 /* Products */,
			);
			sourceTree = "<group>";
		};
		EAB27CCC1CA298D700D4E321 /* Products */ = {
			isa = PBXGroup;
			children = (
				EAB27CCB1CA298D700D4E321 /* CALayer的基本概念.app */,
				EAB27CE41CA298D700D4E321 /* CALayer的基本概念Tests.xctest */,
				EAB27CEF1CA298D700D4E321 /* CALayer的基本概念UITests.xctest */,
			);
			name = Products;
			sourceTree = "<group>";
		};
		EAB27CCD1CA298D700D4E321 /* CALayer的基本概念 */ = {
			isa = PBXGroup;
			children = (
				EAB27CD11CA298D700D4E321 /* AppDelegate.h */,
				EAB27CD21CA298D700D4E321 /* AppDelegate.m */,
				EAB27CD41CA298D700D4E321 /* ViewController.h */,
				EAB27CD51CA298D700D4E321 /* ViewController.m */,
				EAB27CD71CA298D700D4E321 /* Main.storyboard */,
				EAB27CDA1CA298D700D4E321 /* Assets.xcassets */,
				EAB27CDC1CA298D700D4E321 /* LaunchScreen.storyboard */,
				EAB27CDF1CA298D700D4E321 /* Info.plist */,
				EAB27CCE1CA298D700D4E321 /* Supporting Files */,
			);
			path = "CALayer的基本概念";
			sourceTree = "<group>";
		};
		EAB27CCE1CA298D700D4E321 /* Supporting Files */ = {
			isa = PBXGroup;
			children = (
				EAB27CCF1CA298D700D4E321 /* main.m */,
			);
			name = "Supporting Files";
			sourceTree = "<group>";
		};
		EAB27CE71CA298D700D4E321 /* CALayer的基本概念Tests */ = {
			isa = PBXGroup;
			children = (
				EAB27CE81CA298D700D4E321 /* CALayer_____Tests.m */,
				EAB27CEA1CA298D700D4E321 /* Info.plist */,
			);
			path = "CALayer的基本概念Tests";
			sourceTree = "<group>";
		};
		EAB27CF21CA298D700D4E321 /* CALayer的基本概念UITests */ = {
			isa = PBXGroup;
			children = (
				EAB27CF31CA298D700D4E321 /* CALayer_____UITests.m */,
				EAB27CF51CA298D700D4E321 /* Info.plist */,
			);
			path = "CALayer的基本概念UITests";
			sourceTree = "<group>";
		};
/* End PBXGroup section */

/* Begin PBXNativeTarget section */
		EAB27CCA1CA298D700D4E321 /* CALayer的基本概念 */ = {
			isa = PBXNativeTarget;
			buildConfigurationList = EAB27CF81CA298D700D4E321 /* Build configuration list for PBXNativeTarget "CALayer的基本概念" */;
			buildPhases = (
				EAB27CC71CA298D700D4E321 /* Sources */,
				EAB27CC81CA298D700D4E321 /* Frameworks */,
				EAB27CC91CA298D700D4E321 /* Resources */,
			);
			buildRules = (
			);
			dependencies = (
			);
			name = "CALayer的基本概念";
			productName = "CALayer的基本概念";
			productReference = EAB27CCB1CA298D700D4E321 /* CALayer的基本概念.app */;
			productType = "com.apple.product-type.application";
		};
		EAB27CE31CA298D700D4E321 /* CALayer的基本概念Tests */ = {
			isa = PBXNativeTarget;
			buildConfigurationList = EAB27CFB1CA298D700D4E321 /* Build configuration list for PBXNativeTarget "CALayer的基本概念Tests" */;
			buildPhases = (
				EAB27CE01CA298D700D4E321 /* Sources */,
				EAB27CE11CA298D700D4E321 /* Frameworks */,
				EAB27CE21CA298D700D4E321 /* Resources */,
			);
			buildRules = (
			);
			dependencies = (
				EAB27CE61CA298D700D4E321 /* PBXTargetDependency */,
			);
			name = "CALayer的基本概念Tests";
			productName = "CALayer的基本概念Tests";
			productReference = EAB27CE41CA298D700D4E321 /* CALayer的基本概念Tests.xctest */;
			productType = "com.apple.product-type.bundle.unit-test";
		};
		EAB27CEE1CA298D700D4E321 /* CALayer的基本概念UITests */ = {
			isa = PBXNativeTarget;
			buildConfigurationList = EAB27CFE1CA298D700D4E321 /* Build configuration list for PBXNativeTarget "CALayer的基本概念UITests" */;
			buildPhases = (
				EAB27CEB1CA298D700D4E321 /* Sources */,
				EAB27CEC1CA298D700D4E321 /* Frameworks */,
				EAB27CED1CA298D700D4E321 /* Resources */,
			);
			buildRules = (
			);
			dependencies = (
				EAB27CF11CA298D700D4E321 /* PBXTargetDependency */,
			);
			name = "CALayer的基本概念UITests";
			productName = "CALayer的基本概念UITests";
			productReference = EAB27CEF1CA298D700D4E321 /* CALayer的基本概念UITests.xctest */;
			productType = "com.apple.product-type.bundle.ui-testing";
		};
/* End PBXNativeTarget section */

/* Begin PBXProject section */
		EAB27CC31CA298D700D4E321 /* Project object */ = {
			isa = PBXProject;
			attributes = {
				LastUpgradeCheck = 0730;
				ORGANIZATIONNAME = "Guan Nan Wang";
				TargetAttributes = {
					EAB27CCA1CA298D700D4E321 = {
						CreatedOnToolsVersion = 7.3;
						DevelopmentTeam = 94474947CR;
					};
					EAB27CE31CA298D700D4E321 = {
						CreatedOnToolsVersion = 7.3;
						DevelopmentTeam = 94474947CR;
						TestTargetID = EAB27CCA1CA298D700D4E321;
					};
					EAB27CEE1CA298D700D4E321 = {
						CreatedOnToolsVersion = 7.3;
						DevelopmentTeam = 94474947CR;
						TestTargetID = EAB27CCA1CA298D700D4E321;
					};
				};
			};
			buildConfigurationList = EAB27CC61CA298D700D4E321 /* Build configuration list for PBXProject "CALayer的基本概念" */;
			compatibilityVersion = "Xcode 3.2";
			developmentRegion = English;
			hasScannedForEncodings = 0;
			knownRegions = (
				en,
				Base,
			);
			mainGroup = EAB27CC21CA298D700D4E321;
			productRefGroup = EAB27CCC1CA298D700D4E321 /* Products */;
			projectDirPath = "";
			projectRoot = "";
			targets = (
				EAB27CCA1CA298D700D4E321 /* CALayer的基本概念 */,
				EAB27CE31CA298D700D4E321 /* CALayer的基本概念Tests */,
				EAB27CEE1CA298D700D4E321 /* CALayer的基本概念UITests */,
			);
		};
/* End PBXProject section */

/* Begin PBXResourcesBuildPhase section */
		EAB27CC91CA298D700D4E321 /* Resources */ = {
			isa = PBXResourcesBuildPhase;
			buildActionMask = 2147483647;
			files = (
				EAB27CDE1CA298D700D4E321 /* LaunchScreen.storyboard in Resources */,
				EAB27CDB1CA298D700D4E321 /* Assets.xcassets in Resources */,
				EAB27CD91CA298D700D4E321 /* Main.storyboard in Resources */,
			);
			runOnlyForDeploymentPostprocessing = 0;
		};
		EAB27CE21CA298D700D4E321 /* Resources */ = {
			isa = PBXResourcesBuildPhase;
			buildActionMask = 2147483647;
			files = (
			);
			runOnlyForDeploymentPostprocessing = 0;
		};
		EAB27CED1CA298D700D4E321 /* Resources */ = {
			isa = PBXResourcesBuildPhase;
			buildActionMask = 2147483647;
			files = (
			);
			runOnlyForDeploymentPostprocessing = 0;
		};
/* End PBXResourcesBuildPhase section */

/* Begin PBXSourcesBuildPhase section */
		EAB27CC71CA298D700D4E321 /* Sources */ = {
			isa = PBXSourcesBuildPhase;
			buildActionMask = 2147483647;
			files = (
				EAB27CD61CA298D700D4E321 /* ViewController.m in Sources */,
				EAB27CD31CA298D700D4E321 /* AppDelegate.m in Sources */,
				EAB27CD01CA298D700D4E321 /* main.m in Sources */,
			);
			runOnlyForDeploymentPostprocessing = 0;
		};
		EAB27CE01CA298D700D4E321 /* Sources */ = {
			isa = PBXSourcesBuildPhase;
			buildActionMask = 2147483647;
			files = (
				EAB27CE91CA298D700D4E321 /* CALayer_____Tests.m in Sources */,
			);
			runOnlyForDeploymentPostprocessing = 0;
		};
		EAB27CEB1CA298D700D4E321 /* Sources */ = {
			isa = PBXSourcesBuildPhase;
			buildActionMask = 2147483647;
			files = (
				EAB27CF41CA298D700D4E321 /* CALayer_____UITests.m in Sources */,
			);
			runOnlyForDeploymentPostprocessing = 0;
		};
/* End PBXSourcesBuildPhase section */

/* Begin PBXTargetDependency section */
		EAB27CE61CA298D700D4E321 /* PBXTargetDependency */ = {
			isa = PBXTargetDependency;
			target = EAB27CCA1CA298D700D4E321 /* CALayer的基本概念 */;
			targetProxy = EAB27CE51CA298D700D4E321 /* PBXContainerItemProxy */;
		};
		EAB27CF11CA298D700D4E321 /* PBXTargetDependency */ = {
			isa = PBXTargetDependency;
			target = EAB27CCA1CA298D700D4E321 /* CALayer的基本概念 */;
			targetProxy = EAB27CF01CA298D700D4E321 /* PBXContainerItemProxy */;
		};
/* End PBXTargetDependency section */

/* Begin PBXVariantGroup section */
		EAB27CD71CA298D700D4E321 /* Main.storyboard */ = {
			isa = PBXVariantGroup;
			children = (
				EAB27CD81CA298D700D4E321 /* Base */,
			);
			name = Main.storyboard;
			sourceTree = "<group>";
		};
		EAB27CDC1CA298D700D4E321 /* LaunchScreen.storyboard */ = {
			isa = PBXVariantGroup;
			children = (
				EAB27CDD1CA298D700D4E321 /* Base */,
			);
			name = LaunchScreen.storyboard;
			sourceTree = "<group>";
		};
/* End PBXVariantGroup section */

/* Begin XCBuildConfiguration section */
		EAB27CF61CA298D700D4E321 /* Debug */ = {
			isa = XCBuildConfiguration;
			buildSettings = {
				ALWAYS_SEARCH_USER_PATHS = NO;
				CLANG_ANALYZER_NONNULL = YES;
				CLANG_CXX_LANGUAGE_STANDARD = "gnu++0x";
				CLANG_CXX_LIBRARY = "libc++";
				CLANG_ENABLE_MODULES = YES;
				CLANG_ENABLE_OBJC_ARC = YES;
				CLANG_WARN_BOOL_CONVERSION = YES;
				CLANG_WARN_CONSTANT_CONVERSION = YES;
				CLANG_WARN_DIRECT_OBJC_ISA_USAGE = YES_ERROR;
				CLANG_WARN_EMPTY_BODY = YES;
				CLANG_WARN_ENUM_CONVERSION = YES;
				CLANG_WARN_INT_CONVERSION = YES;
				CLANG_WARN_OBJC_ROOT_CLASS = YES_ERROR;
				CLANG_WARN_UNREACHABLE_CODE = YES;
				CLANG_WARN__DUPLICATE_METHOD_MATCH = YES;
				"CODE_SIGN_IDENTITY[sdk=iphoneos*]" = "iPhone Developer";
				COPY_PHASE_STRIP = NO;
				DEBUG_INFORMATION_FORMAT = dwarf;
				ENABLE_STRICT_OBJC_MSGSEND = YES;
				ENABLE_TESTABILITY = YES;
				GCC_C_LANGUAGE_STANDARD = gnu99;
				GCC_DYNAMIC_NO_PIC = NO;
				GCC_NO_COMMON_BLOCKS = YES;
				GCC_OPTIMIZATION_LEVEL = 0;
				GCC_PREPROCESSOR_DEFINITIONS = (
					"DEBUG=1",
					"$(inherited)",
				);
				GCC_WARN_64_TO_32_BIT_CONVERSION = YES;
				GCC_WARN_ABOUT_RETURN_TYPE = YES_ERROR;
				GCC_WARN_UNDECLARED_SELECTOR = YES;
				GCC_WARN_UNINITIALIZED_AUTOS = YES_AGGRESSIVE;
				GCC_WARN_UNUSED_FUNCTION = YES;
				GCC_WARN_UNUSED_VARIABLE = YES;
				IPHONEOS_DEPLOYMENT_TARGET = 9.3;
				MTL_ENABLE_DEBUG_INFO = YES;
				ONLY_ACTIVE_ARCH = YES;
				SDKROOT = iphoneos;
				TARGETED_DEVICE_FAMILY = "1,2";
			};
			name = Debug;
		};
		EAB27CF71CA298D700D4E321 /* Release */ = {
			isa = XCBuildConfiguration;
			buildSettings = {
				ALWAYS_SEARCH_USER_PATHS = NO;
				CLANG_ANALYZER_NONNULL = YES;
				CLANG_CXX_LANGUAGE_STANDARD = "gnu++0x";
				CLANG_CXX_LIBRARY = "libc++";
				CLANG_ENABLE_MODULES = YES;
				CLANG_ENABLE_OBJC_ARC = YES;
				CLANG_WARN_BOOL_CONVERSION = YES;
				CLANG_WARN_CONSTANT_CONVERSION = YES;
				CLANG_WARN_DIRECT_OBJC_ISA_USAGE = YES_ERROR;
				CLANG_WARN_EMPTY_BODY = YES;
				CLANG_WARN_ENUM_CONVERSION = YES;
				CLANG_WARN_INT_CONVERSION = YES;
				CLANG_WARN_OBJC_ROOT_CLASS = YES_ERROR;
				CLANG_WARN_UNREACHABLE_CODE = YES;
				CLANG_WARN__DUPLICATE_METHOD_MATCH = YES;
				"CODE_SIGN_IDENTITY[sdk=iphoneos*]" = "iPhone Developer";
				COPY_PHASE_STRIP = NO;
				DEBUG_INFORMATION_FORMAT = "dwarf-with-dsym";
				ENABLE_NS_ASSERTIONS = NO;
				ENABLE_STRICT_OBJC_MSGSEND = YES;
				GCC_C_LANGUAGE_STANDARD = gnu99;
				GCC_NO_COMMON_BLOCKS = YES;
				GCC_WARN_64_TO_32_BIT_CONVERSION = YES;
				GCC_WARN_ABOUT_RETURN_TYPE = YES_ERROR;
				GCC_WARN_UNDECLARED_SELECTOR = YES;
				GCC_WARN_UNINITIALIZED_AUTOS = YES_AGGRESSIVE;
				GCC_WARN_UNUSED_FUNCTION = YES;
				GCC_WARN_UNUSED_VARIABLE = YES;
				IPHONEOS_DEPLOYMENT_TARGET = 9.3;
				MTL_ENABLE_DEBUG_INFO = NO;
				SDKROOT = iphoneos;
				TARGETED_DEVICE_FAMILY = "1,2";
				VALIDATE_PRODUCT = YES;
			};
			name = Release;
		};
		EAB27CF91CA298D700D4E321 /* Debug */ = {
			isa = XCBuildConfiguration;
			buildSettings = {
				ASSETCATALOG_COMPILER_APPICON_NAME = AppIcon;
				INFOPLIST_FILE = "CALayer的基本概念/Info.plist";
				LD_RUNPATH_SEARCH_PATHS = "$(inherited) @executable_path/Frameworks";
				PRODUCT_BUNDLE_IDENTIFIER = "gn.CALayer-----";
				PRODUCT_NAME = "$(TARGET_NAME)";
			};
			name = Debug;
		};
		EAB27CFA1CA298D700D4E321 /* Release */ = {
			isa = XCBuildConfiguration;
			buildSettings = {
				ASSETCATALOG_COMPILER_APPICON_NAME = AppIcon;
				INFOPLIST_FILE = "CALayer的基本概念/Info.plist";
				LD_RUNPATH_SEARCH_PATHS = "$(inherited) @executable_path/Frameworks";
				PRODUCT_BUNDLE_IDENTIFIER = "gn.CALayer-----";
				PRODUCT_NAME = "$(TARGET_NAME)";
			};
			name = Release;
		};
		EAB27CFC1CA298D700D4E321 /* Debug */ = {
			isa = XCBuildConfiguration;
			buildSettings = {
				BUNDLE_LOADER = "$(TEST_HOST)";
				INFOPLIST_FILE = "CALayer的基本概念Tests/Info.plist";
				LD_RUNPATH_SEARCH_PATHS = "$(inherited) @executable_path/Frameworks @loader_path/Frameworks";
				PRODUCT_BUNDLE_IDENTIFIER = "gn.CALayer-----Tests";
				PRODUCT_NAME = "$(TARGET_NAME)";
				TEST_HOST = "$(BUILT_PRODUCTS_DIR)/CALayer的基本概念.app/CALayer的基本概念";
			};
			name = Debug;
		};
		EAB27CFD1CA298D700D4E321 /* Release */ = {
			isa = XCBuildConfiguration;
			buildSettings = {
				BUNDLE_LOADER = "$(TEST_HOST)";
				INFOPLIST_FILE = "CALayer的基本概念Tests/Info.plist";
				LD_RUNPATH_SEARCH_PATHS = "$(inherited) @executable_path/Frameworks @loader_path/Frameworks";
				PRODUCT_BUNDLE_IDENTIFIER = "gn.CALayer-----Tests";
				PRODUCT_NAME = "$(TARGET_NAME)";
				TEST_HOST = "$(BUILT_PRODUCTS_DIR)/CALayer的基本概念.app/CALayer的基本概念";
			};
			name = Release;
		};
		EAB27CFF1CA298D700D4E321 /* Debug */ = {
			isa = XCBuildConfiguration;
			buildSettings = {
				INFOPLIST_FILE = "CALayer的基本概念UITests/Info.plist";
				LD_RUNPATH_SEARCH_PATHS = "$(inherited) @executable_path/Frameworks @loader_path/Frameworks";
				PRODUCT_BUNDLE_IDENTIFIER = "gn.CALayer-----UITests";
				PRODUCT_NAME = "$(TARGET_NAME)";
				TEST_TARGET_NAME = "CALayer的基本概念";
			};
			name = Debug;
		};
		EAB27D001CA298D700D4E321 /* Release */ = {
			isa = XCBuildConfiguration;
			buildSettings = {
				INFOPLIST_FILE = "CALayer的基本概念UITests/Info.plist";
				LD_RUNPATH_SEARCH_PATHS = "$(inherited) @executable_path/Frameworks @loader_path/Frameworks";
				PRODUCT_BUNDLE_IDENTIFIER = "gn.CALayer-----UITests";
				PRODUCT_NAME = "$(TARGET_NAME)";
				TEST_TARGET_NAME = "CALayer的基本概念";
			};
			name = Release;
		};
/* End XCBuildConfiguration section */

/* Begin XCConfigurationList section */
		EAB27CC61CA298D700D4E321 /* Build configuration list for PBXProject "CALayer的基本概念" */ = {
			isa = XCConfigurationList;
			buildConfigurations = (
				EAB27CF61CA298D700D4E321 /* Debug */,
				EAB27CF71CA298D700D4E321 /* Release */,
			);
			defaultConfigurationIsVisible = 0;
			defaultConfigurationName = Release;
		};
		EAB27CF81CA298D700D4E321 /* Build configuration list for PBXNativeTarget "CALayer的基本概念" */ = {
			isa = XCConfigurationList;
			buildConfigurations = (
				EAB27CF91CA298D700D4E321 /* Debug */,
				EAB27CFA1CA298D700D4E321 /* Release */,
			);
			defaultConfigurationIsVisible = 0;
		};
		EAB27CFB1CA298D700D4E321 /* Build configuration list for PBXNativeTarget "CALayer的基本概念Tests" */ = {
			isa = XCConfigurationList;
			buildConfigurations = (
				EAB27CFC1CA298D700D4E321 /* Debug */,
				EAB27CFD1CA298D700D4E321 /* Release */,
			);
			defaultConfigurationIsVisible = 0;
		};
		EAB27CFE1CA298D700D4E321 /* Build configuration list for PBXNativeTarget "CALayer的基本概念UITests" */ = {
			isa = XCConfigurationList;
			buildConfigurations = (
				EAB27CFF1CA298D700D4E321 /* Debug */,
				EAB27D001CA298D700D4E321 /* Release */,
			);
			defaultConfigurationIsVisible = 0;
		};
/* End XCConfigurationList section */
	};
	rootObject = EAB27CC31CA298D700D4E321 /* Project object */;
}
